
Microsoft Visual Studio Solution File, Format Version 12.00
# Visual Studio Version 17
VisualStudioVersion = 17.11.35312.102
MinimumVisualStudioVersion = 10.0.40219.1
Project("{FAE04EC0-301F-11D3-BF4B-00C04F79EFBC}") = "BirthCodeAnalyzer", "desktopApp\BirthCodeAnalyzer.csproj", "{C7B9859B-04B0-4E99-99B5-5E6DA9156EDC}"
EndProject
Global
	GlobalSection(SolutionConfigurationPlatforms) = preSolution
		Debug|Any CPU = Debug|Any CPU
		Release|Any CPU = Release|Any CPU
	EndGlobalSection
	GlobalSection(ProjectConfigurationPlatforms) = postSolution
		{C7B9859B-04B0-4E99-99B5-5E6DA9156EDC}.Debug|Any CPU.ActiveCfg = Debug|Any CPU
		{C7B9859B-04B0-4E99-99B5-5E6DA9156EDC}.Debug|Any CPU.Build.0 = Debug|Any CPU
		{C7B9859B-04B0-4E99-99B5-5E6DA9156EDC}.Release|Any CPU.ActiveCfg = Release|Any CPU
		{C7B9859B-04B0-4E99-99B5-5E6DA9156EDC}.Release|Any CPU.Build.0 = Release|Any CPU
	EndGlobalSection
	GlobalSection(SolutionProperties) = preSolution
		HideSolutionNode = FALSE
	EndGlobalSection
	GlobalSection(ExtensibilityGlobals) = postSolution
		SolutionGuid = {6EA876A5-B49D-444A-AE1E-08A6822A66AA}
	EndGlobalSection
EndGlobal
